
Microsoft Visual Studio Solution File, Format Version 12.00
# Visual Studio Version 17
VisualStudioVersion = 17.5.33530.505
MinimumVisualStudioVersion = 10.0.40219.1
Project("{9A19103F-16F7-4668-BE54-9A1E7A4F7556}") = "AreaOfFigures", "AreaOfFigures\AreaOfFigures.csproj", "{12CEAEEE-F8BF-46CA-AB58-A3E74ADE2769}"
EndProject
Project("{9A19103F-16F7-4668-BE54-9A1E7A4F7556}") = "AreaTesting", "AreaTesting\AreaTesting.csproj", "{F01B8B55-34EF-42B3-830D-0B9185A9DBFF}"
	ProjectSection(ProjectDependencies) = postProject
		{12CEAEEE-F8BF-46CA-AB58-A3E74ADE2769} = {12CEAEEE-F8BF-46CA-AB58-A3E74ADE2769}
	EndProjectSection
EndProject
Global
	GlobalSection(SolutionConfigurationPlatforms) = preSolution
		Debug|Any CPU = Debug|Any CPU
		Release|Any CPU = Release|Any CPU
	EndGlobalSection
	GlobalSection(ProjectConfigurationPlatforms) = postSolution
		{12CEAEEE-F8BF-46CA-AB58-A3E74ADE2769}.Debug|Any CPU.ActiveCfg = Debug|Any CPU
		{12CEAEEE-F8BF-46CA-AB58-A3E74ADE2769}.Debug|Any CPU.Build.0 = Debug|Any CPU
		{12CEAEEE-F8BF-46CA-AB58-A3E74ADE2769}.Release|Any CPU.ActiveCfg = Release|Any CPU
		{12CEAEEE-F8BF-46CA-AB58-A3E74ADE2769}.Release|Any CPU.Build.0 = Release|Any CPU
		{F01B8B55-34EF-42B3-830D-0B9185A9DBFF}.Debug|Any CPU.ActiveCfg = Debug|Any CPU
		{F01B8B55-34EF-42B3-830D-0B9185A9DBFF}.Debug|Any CPU.Build.0 = Debug|Any CPU
		{F01B8B55-34EF-42B3-830D-0B9185A9DBFF}.Release|Any CPU.ActiveCfg = Release|Any CPU
		{F01B8B55-34EF-42B3-830D-0B9185A9DBFF}.Release|Any CPU.Build.0 = Release|Any CPU
	EndGlobalSection
	GlobalSection(SolutionProperties) = preSolution
		HideSolutionNode = FALSE
	EndGlobalSection
	GlobalSection(ExtensibilityGlobals) = postSolution
		SolutionGuid = {E636B4F4-BD89-4CCB-BE33-F3B3FDFE66AB}
	EndGlobalSection
EndGlobal
